{
  "name": "castle-ruby-example",
  "version": "1.0.0",
  "lockfileVersion": 3,
  "requires": true,
  "packages": {
    "": {
      "name": "castle-ruby-example",
      "version": "1.0.0",
      "license": "MIT",
      "dependencies": {
        "@castleio/castle-js": "^2.8.4"
      }
    },
    "node_modules/@castleio/castle-js": {
      "version": "2.8.5",
      "resolved": "https://registry.npmjs.org/@castleio/castle-js/-/castle-js-2.8.5.tgz",
      "integrity": "sha512-HiFmmp6HQgk64jCsAYov9Dnc+rNWrcb2u9PA9c3phfelQ5qFNt1fRcLY+NUgnZZqAMoR3fRqL8qYgOMkZjfZ4Q==",
      "license": "MIT"
    }
  }
}
